
Microsoft Visual Studio Solution File, Format Version 12.00
# Visual Studio Version 16
VisualStudioVersion = 16.0.32106.194
MinimumVisualStudioVersion = 10.0.40219.1
Project("{9A19103F-16F7-4668-BE54-9A1E7A4F7556}") = "ColorSet", "ColorSet\ColorSet.csproj", "{DA6E35BF-581F-4750-9166-257D8FD86BA5}"
EndProject
Project("{FAE04EC0-301F-11D3-BF4B-00C04F79EFBC}") = "SetColorLibrary", "SetColorLibrary\SetColorLibrary.csproj", "{49571EE7-53F3-45E9-B950-1F0D8F5B7505}"
EndProject
Project("{FAE04EC0-301F-11D3-BF4B-00C04F79EFBC}") = "SetColorTest", "SetColorTest\SetColorTest.csproj", "{8E4763B0-E55F-42EB-983F-ED1A76542BFD}"
EndProject
Global
	GlobalSection(SolutionConfigurationPlatforms) = preSolution
		Debug|Any CPU = Debug|Any CPU
		Release|Any CPU = Release|Any CPU
	EndGlobalSection
	GlobalSection(ProjectConfigurationPlatforms) = postSolution
		{DA6E35BF-581F-4750-9166-257D8FD86BA5}.Debug|Any CPU.ActiveCfg = Debug|Any CPU
		{DA6E35BF-581F-4750-9166-257D8FD86BA5}.Debug|Any CPU.Build.0 = Debug|Any CPU
		{DA6E35BF-581F-4750-9166-257D8FD86BA5}.Release|Any CPU.ActiveCfg = Release|Any CPU
		{DA6E35BF-581F-4750-9166-257D8FD86BA5}.Release|Any CPU.Build.0 = Release|Any CPU
		{49571EE7-53F3-45E9-B950-1F0D8F5B7505}.Debug|Any CPU.ActiveCfg = Debug|Any CPU
		{49571EE7-53F3-45E9-B950-1F0D8F5B7505}.Debug|Any CPU.Build.0 = Debug|Any CPU
		{49571EE7-53F3-45E9-B950-1F0D8F5B7505}.Release|Any CPU.ActiveCfg = Release|Any CPU
		{49571EE7-53F3-45E9-B950-1F0D8F5B7505}.Release|Any CPU.Build.0 = Release|Any CPU
		{8E4763B0-E55F-42EB-983F-ED1A76542BFD}.Debug|Any CPU.ActiveCfg = Debug|Any CPU
		{8E4763B0-E55F-42EB-983F-ED1A76542BFD}.Debug|Any CPU.Build.0 = Debug|Any CPU
		{8E4763B0-E55F-42EB-983F-ED1A76542BFD}.Release|Any CPU.ActiveCfg = Release|Any CPU
		{8E4763B0-E55F-42EB-983F-ED1A76542BFD}.Release|Any CPU.Build.0 = Release|Any CPU
	EndGlobalSection
	GlobalSection(SolutionProperties) = preSolution
		HideSolutionNode = FALSE
	EndGlobalSection
	GlobalSection(ExtensibilityGlobals) = postSolution
		SolutionGuid = {84AC8673-CCDA-46AB-8D25-758E99DF477F}
	EndGlobalSection
EndGlobal
